
Microsoft Visual Studio Solution File, Format Version 12.00
# Visual Studio 15
VisualStudioVersion = 15.0.27703.2026
MinimumVisualStudioVersion = 10.0.40219.1
Project("{FAE04EC0-301F-11D3-BF4B-00C04F79EFBC}") = "SS.CliMenu", "SS.CliMenu.csproj", "{A5E53B8F-732A-4226-97DE-45198215BDC6}"
EndProject
Global
	GlobalSection(SolutionConfigurationPlatforms) = preSolution
		Debug|Any CPU = Debug|Any CPU
		Release|Any CPU = Release|Any CPU
	EndGlobalSection
	GlobalSection(ProjectConfigurationPlatforms) = postSolution
		{A5E53B8F-732A-4226-97DE-45198215BDC6}.Debug|Any CPU.ActiveCfg = Debug|Any CPU
		{A5E53B8F-732A-4226-97DE-45198215BDC6}.Debug|Any CPU.Build.0 = Debug|Any CPU
		{A5E53B8F-732A-4226-97DE-45198215BDC6}.Release|Any CPU.ActiveCfg = Release|Any CPU
		{A5E53B8F-732A-4226-97DE-45198215BDC6}.Release|Any CPU.Build.0 = Release|Any CPU
	EndGlobalSection
	GlobalSection(SolutionProperties) = preSolution
		HideSolutionNode = FALSE
	EndGlobalSection
	GlobalSection(ExtensibilityGlobals) = postSolution
		SolutionGuid = {06E1A259-1785-4D46-A366-568E40A8AFE1}
	EndGlobalSection
EndGlobal
