
Microsoft Visual Studio Solution File, Format Version 12.00
# Visual Studio 15
VisualStudioVersion = 15.0.27703.2026
MinimumVisualStudioVersion = 10.0.40219.1
Project("{FAE04EC0-301F-11D3-BF4B-00C04F79EFBC}") = "SS.CliMenu", "SS.CliMenu\SS.CliMenu.csproj", "{A5E53B8F-732A-4226-97DE-45198215BDC6}"
EndProject
Project("{9A19103F-16F7-4668-BE54-9A1E7A4F7556}") = "SS.CliMenu.Standard", "SS.CliMenu\SS.CliMenu.Standard.csproj", "{FA8A6A53-7A95-41E2-B965-1C9CF106EDBB}"
EndProject
Project("{FAE04EC0-301F-11D3-BF4B-00C04F79EFBC}") = "Debugger", "Debugger\Debugger.csproj", "{75CE4D57-5257-4C6B-99C7-6F9091CDD2FE}"
	ProjectSection(ProjectDependencies) = postProject
		{FA8A6A53-7A95-41E2-B965-1C9CF106EDBB} = {FA8A6A53-7A95-41E2-B965-1C9CF106EDBB}
	EndProjectSection
EndProject
Project("{FAE04EC0-301F-11D3-BF4B-00C04F79EFBC}") = "SS.CliMenu.Models", "SS.CliMenu.Models\SS.CliMenu.Models.csproj", "{061B05B8-80A9-4A2B-88E6-54BD15393B90}"
EndProject
Global
	GlobalSection(SolutionConfigurationPlatforms) = preSolution
		Debug|Any CPU = Debug|Any CPU
		Release|Any CPU = Release|Any CPU
	EndGlobalSection
	GlobalSection(ProjectConfigurationPlatforms) = postSolution
		{A5E53B8F-732A-4226-97DE-45198215BDC6}.Debug|Any CPU.ActiveCfg = Debug|Any CPU
		{A5E53B8F-732A-4226-97DE-45198215BDC6}.Debug|Any CPU.Build.0 = Debug|Any CPU
		{A5E53B8F-732A-4226-97DE-45198215BDC6}.Release|Any CPU.ActiveCfg = Release|Any CPU
		{A5E53B8F-732A-4226-97DE-45198215BDC6}.Release|Any CPU.Build.0 = Release|Any CPU
		{FA8A6A53-7A95-41E2-B965-1C9CF106EDBB}.Debug|Any CPU.ActiveCfg = Debug|Any CPU
		{FA8A6A53-7A95-41E2-B965-1C9CF106EDBB}.Debug|Any CPU.Build.0 = Debug|Any CPU
		{FA8A6A53-7A95-41E2-B965-1C9CF106EDBB}.Release|Any CPU.ActiveCfg = Release|Any CPU
		{FA8A6A53-7A95-41E2-B965-1C9CF106EDBB}.Release|Any CPU.Build.0 = Release|Any CPU
		{75CE4D57-5257-4C6B-99C7-6F9091CDD2FE}.Debug|Any CPU.ActiveCfg = Debug|Any CPU
		{75CE4D57-5257-4C6B-99C7-6F9091CDD2FE}.Debug|Any CPU.Build.0 = Debug|Any CPU
		{75CE4D57-5257-4C6B-99C7-6F9091CDD2FE}.Release|Any CPU.ActiveCfg = Release|Any CPU
		{75CE4D57-5257-4C6B-99C7-6F9091CDD2FE}.Release|Any CPU.Build.0 = Release|Any CPU
		{061B05B8-80A9-4A2B-88E6-54BD15393B90}.Debug|Any CPU.ActiveCfg = Release|Any CPU
		{061B05B8-80A9-4A2B-88E6-54BD15393B90}.Debug|Any CPU.Build.0 = Release|Any CPU
		{061B05B8-80A9-4A2B-88E6-54BD15393B90}.Release|Any CPU.ActiveCfg = Release|Any CPU
		{061B05B8-80A9-4A2B-88E6-54BD15393B90}.Release|Any CPU.Build.0 = Release|Any CPU
	EndGlobalSection
	GlobalSection(SolutionProperties) = preSolution
		HideSolutionNode = FALSE
	EndGlobalSection
	GlobalSection(ExtensibilityGlobals) = postSolution
		SolutionGuid = {06E1A259-1785-4D46-A366-568E40A8AFE1}
	EndGlobalSection
EndGlobal
